
Microsoft Visual Studio Solution File, Format Version 12.00
# Visual Studio Version 16
VisualStudioVersion = 16.0.30114.105
MinimumVisualStudioVersion = 10.0.40219.1
Project("{FAE04EC0-301F-11D3-BF4B-00C04F79EFBC}") = "exemplo-git", "exemplo-git\exemplo-git.csproj", "{B4F05EEC-6272-457E-8D49-D4A45CBB178D}"
EndProject
Global
	GlobalSection(SolutionConfigurationPlatforms) = preSolution
		Debug|Any CPU = Debug|Any CPU
		Release|Any CPU = Release|Any CPU
	EndGlobalSection
	GlobalSection(ProjectConfigurationPlatforms) = postSolution
		{B4F05EEC-6272-457E-8D49-D4A45CBB178D}.Debug|Any CPU.ActiveCfg = Debug|Any CPU
		{B4F05EEC-6272-457E-8D49-D4A45CBB178D}.Debug|Any CPU.Build.0 = Debug|Any CPU
		{B4F05EEC-6272-457E-8D49-D4A45CBB178D}.Release|Any CPU.ActiveCfg = Release|Any CPU
		{B4F05EEC-6272-457E-8D49-D4A45CBB178D}.Release|Any CPU.Build.0 = Release|Any CPU
	EndGlobalSection
	GlobalSection(SolutionProperties) = preSolution
		HideSolutionNode = FALSE
	EndGlobalSection
	GlobalSection(ExtensibilityGlobals) = postSolution
		SolutionGuid = {A91B661C-A32B-45EA-B597-AE124F83B26D}
	EndGlobalSection
EndGlobal
